// !$*UTF8*$!
{
	archiveVersion = 1;
	classes = {
	};
	objectVersion = 56;
	objects = {

/* Begin PBXBuildFile section */
		FAF902A32C770F030068297D /* SwiftCodeGeneratorApp.swift in Sources */ = {isa = PBXBuildFile; fileRef = FAF902A22C770F030068297D /* SwiftCodeGeneratorApp.swift */; };
		FAF902A52C770F030068297D /* ContentView.swift in Sources */ = {isa = PBXBuildFile; fileRef = FAF902A42C770F030068297D /* ContentView.swift */; };
		FAF902A72C770F050068297D /* Assets.xcassets in Resources */ = {isa = PBXBuildFile; fileRef = FAF902A62C770F050068297D /* Assets.xcassets */; };
		FAF902AA2C770F050068297D /* Preview Assets.xcassets in Resources */ = {isa = PBXBuildFile; fileRef = FAF902A92C770F050068297D /* Preview Assets.xcassets */; };
		FAF902B32C770F2B0068297D /* AI in Frameworks */ = {isa = PBXBuildFile; productRef = FAF902B22C770F2B0068297D /* AI */; };
		FAF902B52C770F2B0068297D /* Anthropic in Frameworks */ = {isa = PBXBuildFile; productRef = FAF902B42C770F2B0068297D /* Anthropic */; };
		FAF902BA2C771D270068297D /* HighlightSwift in Frameworks */ = {isa = PBXBuildFile; productRef = FAF902B92C771D270068297D /* HighlightSwift */; };
		FAF902BC2C771EF70068297D /* LLMManager.swift in Sources */ = {isa = PBXBuildFile; fileRef = FAF902BB2C771EF70068297D /* LLMManager.swift */; };
/* End PBXBuildFile section */

/* Begin PBXFileReference section */
		FAF9029F2C770F030068297D /* SwiftCodeGenerator.app */ = {isa = PBXFileReference; explicitFileType = wrapper.application; includeInIndex = 0; path = SwiftCodeGenerator.app; sourceTree = BUILT_PRODUCTS_DIR; };
		FAF902A22C770F030068297D /* SwiftCodeGeneratorApp.swift */ = {isa = PBXFileReference; lastKnownFileType = sourcecode.swift; path = SwiftCodeGeneratorApp.swift; sourceTree = "<group>"; };
		FAF902A42C770F030068297D /* ContentView.swift */ = {isa = PBXFileReference; lastKnownFileType = sourcecode.swift; path = ContentView.swift; sourceTree = "<group>"; };
		FAF902A62C770F050068297D /* Assets.xcassets */ = {isa = PBXFileReference; lastKnownFileType = folder.assetcatalog; path = Assets.xcassets; sourceTree = "<group>"; };
		FAF902A92C770F050068297D /* Preview Assets.xcassets */ = {isa = PBXFileReference; lastKnownFileType = folder.assetcatalog; path = "Preview Assets.xcassets"; sourceTree = "<group>"; };
		FAF902AB2C770F050068297D /* SwiftCodeGenerator.entitlements */ = {isa = PBXFileReference; lastKnownFileType = text.plist.entitlements; path = SwiftCodeGenerator.entitlements; sourceTree = "<group>"; };
		FAF902BB2C771EF70068297D /* LLMManager.swift */ = {isa = PBXFileReference; lastKnownFileType = sourcecode.swift; path = LLMManager.swift; sourceTree = "<group>"; };
		FAF902BD2C78147F0068297D /* Info.plist */ = {isa = PBXFileReference; lastKnownFileType = text.plist; path = Info.plist; sourceTree = "<group>"; };
/* End PBXFileReference section */

/* Begin PBXFrameworksBuildPhase section */
		FAF9029C2C770F030068297D /* Frameworks */ = {
			isa = PBXFrameworksBuildPhase;
			buildActionMask = 2147483647;
			files = (
				FAF902B32C770F2B0068297D /* AI in Frameworks */,
				FAF902B52C770F2B0068297D /* Anthropic in Frameworks */,
				FAF902BA2C771D270068297D /* HighlightSwift in Frameworks */,
			);
			runOnlyForDeploymentPostprocessing = 0;
		};
/* End PBXFrameworksBuildPhase section */

/* Begin PBXGroup section */
		FAF902962C770F030068297D = {
			isa = PBXGroup;
			children = (
				FAF902A12C770F030068297D /* SwiftCodeGenerator */,
				FAF902A02C770F030068297D /* Products */,
			);
			sourceTree = "<group>";
		};
		FAF902A02C770F030068297D /* Products */ = {
			isa = PBXGroup;
			children = (
				FAF9029F2C770F030068297D /* SwiftCodeGenerator.app */,
			);
			name = Products;
			sourceTree = "<group>";
		};
		FAF902A12C770F030068297D /* SwiftCodeGenerator */ = {
			isa = PBXGroup;
			children = (
				FAF902BD2C78147F0068297D /* Info.plist */,
				FAF902A22C770F030068297D /* SwiftCodeGeneratorApp.swift */,
				FAF902A42C770F030068297D /* ContentView.swift */,
				FAF902BB2C771EF70068297D /* LLMManager.swift */,
				FAF902A62C770F050068297D /* Assets.xcassets */,
				FAF902AB2C770F050068297D /* SwiftCodeGenerator.entitlements */,
				FAF902A82C770F050068297D /* Preview Content */,
			);
			path = SwiftCodeGenerator;
			sourceTree = "<group>";
		};
		FAF902A82C770F050068297D /* Preview Content */ = {
			isa = PBXGroup;
			children = (
				FAF902A92C770F050068297D /* Preview Assets.xcassets */,
			);
			path = "Preview Content";
			sourceTree = "<group>";
		};
/* End PBXGroup section */

/* Begin PBXNativeTarget section */
		FAF9029E2C770F030068297D /* SwiftCodeGenerator */ = {
			isa = PBXNativeTarget;
			buildConfigurationList = FAF902AE2C770F050068297D /* Build configuration list for PBXNativeTarget "SwiftCodeGenerator" */;
			buildPhases = (
				FAF9029B2C770F030068297D /* Sources */,
				FAF9029C2C770F030068297D /* Frameworks */,
				FAF9029D2C770F030068297D /* Resources */,
			);
			buildRules = (
			);
			dependencies = (
			);
			name = SwiftCodeGenerator;
			packageProductDependencies = (
				FAF902B22C770F2B0068297D /* AI */,
				FAF902B42C770F2B0068297D /* Anthropic */,
				FAF902B92C771D270068297D /* HighlightSwift */,
			);
			productName = SwiftCodeGenerator;
			productReference = FAF9029F2C770F030068297D /* SwiftCodeGenerator.app */;
			productType = "com.apple.product-type.application";
		};
/* End PBXNativeTarget section */

/* Begin PBXProject section */
		FAF902972C770F030068297D /* Project object */ = {
			isa = PBXProject;
			attributes = {
				BuildIndependentTargetsInParallel = 1;
				LastSwiftUpdateCheck = 1540;
				LastUpgradeCheck = 1540;
				TargetAttributes = {
					FAF9029E2C770F030068297D = {
						CreatedOnToolsVersion = 15.4;
					};
				};
			};
			buildConfigurationList = FAF9029A2C770F030068297D /* Build configuration list for PBXProject "SwiftCodeGenerator" */;
			compatibilityVersion = "Xcode 14.0";
			developmentRegion = en;
			hasScannedForEncodings = 0;
			knownRegions = (
				en,
				Base,
			);
			mainGroup = FAF902962C770F030068297D;
			packageReferences = (
				FAF902B12C770F2B0068297D /* XCRemoteSwiftPackageReference "AI" */,
				FAF902B82C771D270068297D /* XCRemoteSwiftPackageReference "HighlightSwift" */,
			);
			productRefGroup = FAF902A02C770F030068297D /* Products */;
			projectDirPath = "";
			projectRoot = "";
			targets = (
				FAF9029E2C770F030068297D /* SwiftCodeGenerator */,
			);
		};
/* End PBXProject section */

/* Begin PBXResourcesBuildPhase section */
		FAF9029D2C770F030068297D /* Resources */ = {
			isa = PBXResourcesBuildPhase;
			buildActionMask = 2147483647;
			files = (
				FAF902AA2C770F050068297D /* Preview Assets.xcassets in Resources */,
				FAF902A72C770F050068297D /* Assets.xcassets in Resources */,
			);
			runOnlyForDeploymentPostprocessing = 0;
		};
/* End PBXResourcesBuildPhase section */

/* Begin PBXSourcesBuildPhase section */
		FAF9029B2C770F030068297D /* Sources */ = {
			isa = PBXSourcesBuildPhase;
			buildActionMask = 2147483647;
			files = (
				FAF902BC2C771EF70068297D /* LLMManager.swift in Sources */,
				FAF902A52C770F030068297D /* ContentView.swift in Sources */,
				FAF902A32C770F030068297D /* SwiftCodeGeneratorApp.swift in Sources */,
			);
			runOnlyForDeploymentPostprocessing = 0;
		};
/* End PBXSourcesBuildPhase section */

/* Begin XCBuildConfiguration section */
		FAF902AC2C770F050068297D /* Debug */ = {
			isa = XCBuildConfiguration;
			buildSettings = {
				ALWAYS_SEARCH_USER_PATHS = NO;
				ASSETCATALOG_COMPILER_GENERATE_SWIFT_ASSET_SYMBOL_EXTENSIONS = YES;
				CLANG_ANALYZER_NONNULL = YES;
				CLANG_ANALYZER_NUMBER_OBJECT_CONVERSION = YES_AGGRESSIVE;
				CLANG_CXX_LANGUAGE_STANDARD = "gnu++20";
				CLANG_ENABLE_MODULES = YES;
				CLANG_ENABLE_OBJC_ARC = YES;
				CLANG_ENABLE_OBJC_WEAK = YES;
				CLANG_WARN_BLOCK_CAPTURE_AUTORELEASING = YES;
				CLANG_WARN_BOOL_CONVERSION = YES;
				CLANG_WARN_COMMA = YES;
				CLANG_WARN_CONSTANT_CONVERSION = YES;
				CLANG_WARN_DEPRECATED_OBJC_IMPLEMENTATIONS = YES;
				CLANG_WARN_DIRECT_OBJC_ISA_USAGE = YES_ERROR;
				CLANG_WARN_DOCUMENTATION_COMMENTS = YES;
				CLANG_WARN_EMPTY_BODY = YES;
				CLANG_WARN_ENUM_CONVERSION = YES;
				CLANG_WARN_INFINITE_RECURSION = YES;
				CLANG_WARN_INT_CONVERSION = YES;
				CLANG_WARN_NON_LITERAL_NULL_CONVERSION = YES;
				CLANG_WARN_OBJC_IMPLICIT_RETAIN_SELF = YES;
				CLANG_WARN_OBJC_LITERAL_CONVERSION = YES;
				CLANG_WARN_OBJC_ROOT_CLASS = YES_ERROR;
				CLANG_WARN_QUOTED_INCLUDE_IN_FRAMEWORK_HEADER = YES;
				CLANG_WARN_RANGE_LOOP_ANALYSIS = YES;
				CLANG_WARN_STRICT_PROTOTYPES = YES;
				CLANG_WARN_SUSPICIOUS_MOVE = YES;
				CLANG_WARN_UNGUARDED_AVAILABILITY = YES_AGGRESSIVE;
				CLANG_WARN_UNREACHABLE_CODE = YES;
				CLANG_WARN__DUPLICATE_METHOD_MATCH = YES;
				COPY_PHASE_STRIP = NO;
				DEBUG_INFORMATION_FORMAT = dwarf;
				ENABLE_STRICT_OBJC_MSGSEND = YES;
				ENABLE_TESTABILITY = YES;
				ENABLE_USER_SCRIPT_SANDBOXING = YES;
				GCC_C_LANGUAGE_STANDARD = gnu17;
				GCC_DYNAMIC_NO_PIC = NO;
				GCC_NO_COMMON_BLOCKS = YES;
				GCC_OPTIMIZATION_LEVEL = 0;
				GCC_PREPROCESSOR_DEFINITIONS = (
					"DEBUG=1",
					"$(inherited)",
				);
				GCC_WARN_64_TO_32_BIT_CONVERSION = YES;
				GCC_WARN_ABOUT_RETURN_TYPE = YES_ERROR;
				GCC_WARN_UNDECLARED_SELECTOR = YES;
				GCC_WARN_UNINITIALIZED_AUTOS = YES_AGGRESSIVE;
				GCC_WARN_UNUSED_FUNCTION = YES;
				GCC_WARN_UNUSED_VARIABLE = YES;
				LOCALIZATION_PREFERS_STRING_CATALOGS = YES;
				MACOSX_DEPLOYMENT_TARGET = 14.5;
				MTL_ENABLE_DEBUG_INFO = INCLUDE_SOURCE;
				MTL_FAST_MATH = YES;
				ONLY_ACTIVE_ARCH = YES;
				SDKROOT = macosx;
				SWIFT_ACTIVE_COMPILATION_CONDITIONS = "DEBUG $(inherited)";
				SWIFT_OPTIMIZATION_LEVEL = "-Onone";
			};
			name = Debug;
		};
		FAF902AD2C770F050068297D /* Release */ = {
			isa = XCBuildConfiguration;
			buildSettings = {
				ALWAYS_SEARCH_USER_PATHS = NO;
				ASSETCATALOG_COMPILER_GENERATE_SWIFT_ASSET_SYMBOL_EXTENSIONS = YES;
				CLANG_ANALYZER_NONNULL = YES;
				CLANG_ANALYZER_NUMBER_OBJECT_CONVERSION = YES_AGGRESSIVE;
				CLANG_CXX_LANGUAGE_STANDARD = "gnu++20";
				CLANG_ENABLE_MODULES = YES;
				CLANG_ENABLE_OBJC_ARC = YES;
				CLANG_ENABLE_OBJC_WEAK = YES;
				CLANG_WARN_BLOCK_CAPTURE_AUTORELEASING = YES;
				CLANG_WARN_BOOL_CONVERSION = YES;
				CLANG_WARN_COMMA = YES;
				CLANG_WARN_CONSTANT_CONVERSION = YES;
				CLANG_WARN_DEPRECATED_OBJC_IMPLEMENTATIONS = YES;
				CLANG_WARN_DIRECT_OBJC_ISA_USAGE = YES_ERROR;
				CLANG_WARN_DOCUMENTATION_COMMENTS = YES;
				CLANG_WARN_EMPTY_BODY = YES;
				CLANG_WARN_ENUM_CONVERSION = YES;
				CLANG_WARN_INFINITE_RECURSION = YES;
				CLANG_WARN_INT_CONVERSION = YES;
				CLANG_WARN_NON_LITERAL_NULL_CONVERSION = YES;
				CLANG_WARN_OBJC_IMPLICIT_RETAIN_SELF = YES;
				CLANG_WARN_OBJC_LITERAL_CONVERSION = YES;
				CLANG_WARN_OBJC_ROOT_CLASS = YES_ERROR;
				CLANG_WARN_QUOTED_INCLUDE_IN_FRAMEWORK_HEADER = YES;
				CLANG_WARN_RANGE_LOOP_ANALYSIS = YES;
				CLANG_WARN_STRICT_PROTOTYPES = YES;
				CLANG_WARN_SUSPICIOUS_MOVE = YES;
				CLANG_WARN_UNGUARDED_AVAILABILITY = YES_AGGRESSIVE;
				CLANG_WARN_UNREACHABLE_CODE = YES;
				CLANG_WARN__DUPLICATE_METHOD_MATCH = YES;
				COPY_PHASE_STRIP = NO;
				DEBUG_INFORMATION_FORMAT = "dwarf-with-dsym";
				ENABLE_NS_ASSERTIONS = NO;
				ENABLE_STRICT_OBJC_MSGSEND = YES;
				ENABLE_USER_SCRIPT_SANDBOXING = YES;
				GCC_C_LANGUAGE_STANDARD = gnu17;
				GCC_NO_COMMON_BLOCKS = YES;
				GCC_WARN_64_TO_32_BIT_CONVERSION = YES;
				GCC_WARN_ABOUT_RETURN_TYPE = YES_ERROR;
				GCC_WARN_UNDECLARED_SELECTOR = YES;
				GCC_WARN_UNINITIALIZED_AUTOS = YES_AGGRESSIVE;
				GCC_WARN_UNUSED_FUNCTION = YES;
				GCC_WARN_UNUSED_VARIABLE = YES;
				LOCALIZATION_PREFERS_STRING_CATALOGS = YES;
				MACOSX_DEPLOYMENT_TARGET = 14.5;
				MTL_ENABLE_DEBUG_INFO = NO;
				MTL_FAST_MATH = YES;
				SDKROOT = macosx;
				SWIFT_COMPILATION_MODE = wholemodule;
			};
			name = Release;
		};
		FAF902AF2C770F050068297D /* Debug */ = {
			isa = XCBuildConfiguration;
			buildSettings = {
				ASSETCATALOG_COMPILER_APPICON_NAME = AppIcon;
				ASSETCATALOG_COMPILER_GLOBAL_ACCENT_COLOR_NAME = AccentColor;
				CODE_SIGN_ENTITLEMENTS = SwiftCodeGenerator/SwiftCodeGenerator.entitlements;
				CODE_SIGN_STYLE = Automatic;
				COMBINE_HIDPI_IMAGES = YES;
				CURRENT_PROJECT_VERSION = 1;
				DEVELOPMENT_ASSET_PATHS = "\"SwiftCodeGenerator/Preview Content\"";
				DEVELOPMENT_TEAM = 9GMDZT68HT;
				ENABLE_HARDENED_RUNTIME = YES;
				ENABLE_PREVIEWS = YES;
				GENERATE_INFOPLIST_FILE = YES;
				INFOPLIST_FILE = SwiftCodeGenerator/Info.plist;
				INFOPLIST_KEY_NSHumanReadableCopyright = "";
				IPHONEOS_DEPLOYMENT_TARGET = 17.0;
				LD_RUNPATH_SEARCH_PATHS = (
					"$(inherited)",
					"@executable_path/../Frameworks",
				);
				MACOSX_DEPLOYMENT_TARGET = 14.0;
				MARKETING_VERSION = 1.0;
				PRODUCT_BUNDLE_IDENTIFIER = ai.preternatural.SwiftCodeGenerator;
				PRODUCT_NAME = "$(TARGET_NAME)";
				SUPPORTED_PLATFORMS = "iphoneos iphonesimulator macosx";
				SUPPORTS_MACCATALYST = NO;
				SWIFT_EMIT_LOC_STRINGS = YES;
				SWIFT_VERSION = 5.0;
				TARGETED_DEVICE_FAMILY = "1,2";
			};
			name = Debug;
		};
		FAF902B02C770F050068297D /* Release */ = {
			isa = XCBuildConfiguration;
			buildSettings = {
				ASSETCATALOG_COMPILER_APPICON_NAME = AppIcon;
				ASSETCATALOG_COMPILER_GLOBAL_ACCENT_COLOR_NAME = AccentColor;
				CODE_SIGN_ENTITLEMENTS = SwiftCodeGenerator/SwiftCodeGenerator.entitlements;
				CODE_SIGN_STYLE = Automatic;
				COMBINE_HIDPI_IMAGES = YES;
				CURRENT_PROJECT_VERSION = 1;
				DEVELOPMENT_ASSET_PATHS = "\"SwiftCodeGenerator/Preview Content\"";
				DEVELOPMENT_TEAM = 9GMDZT68HT;
				ENABLE_HARDENED_RUNTIME = YES;
				ENABLE_PREVIEWS = YES;
				GENERATE_INFOPLIST_FILE = YES;
				INFOPLIST_FILE = SwiftCodeGenerator/Info.plist;
				INFOPLIST_KEY_NSHumanReadableCopyright = "";
				IPHONEOS_DEPLOYMENT_TARGET = 17.0;
				LD_RUNPATH_SEARCH_PATHS = (
					"$(inherited)",
					"@executable_path/../Frameworks",
				);
				MACOSX_DEPLOYMENT_TARGET = 14.0;
				MARKETING_VERSION = 1.0;
				PRODUCT_BUNDLE_IDENTIFIER = ai.preternatural.SwiftCodeGenerator;
				PRODUCT_NAME = "$(TARGET_NAME)";
				SUPPORTED_PLATFORMS = "iphoneos iphonesimulator macosx";
				SUPPORTS_MACCATALYST = NO;
				SWIFT_EMIT_LOC_STRINGS = YES;
				SWIFT_VERSION = 5.0;
				TARGETED_DEVICE_FAMILY = "1,2";
			};
			name = Release;
		};
/* End XCBuildConfiguration section */

/* Begin XCConfigurationList section */
		FAF9029A2C770F030068297D /* Build configuration list for PBXProject "SwiftCodeGenerator" */ = {
			isa = XCConfigurationList;
			buildConfigurations = (
				FAF902AC2C770F050068297D /* Debug */,
				FAF902AD2C770F050068297D /* Release */,
			);
			defaultConfigurationIsVisible = 0;
			defaultConfigurationName = Release;
		};
		FAF902AE2C770F050068297D /* Build configuration list for PBXNativeTarget "SwiftCodeGenerator" */ = {
			isa = XCConfigurationList;
			buildConfigurations = (
				FAF902AF2C770F050068297D /* Debug */,
				FAF902B02C770F050068297D /* Release */,
			);
			defaultConfigurationIsVisible = 0;
			defaultConfigurationName = Release;
		};
/* End XCConfigurationList section */

/* Begin XCRemoteSwiftPackageReference section */
		FAF902B12C770F2B0068297D /* XCRemoteSwiftPackageReference "AI" */ = {
			isa = XCRemoteSwiftPackageReference;
			repositoryURL = "https://github.com/PreternaturalAI/AI";
			requirement = {
				branch = main;
				kind = branch;
			};
		};
		FAF902B82C771D270068297D /* XCRemoteSwiftPackageReference "HighlightSwift" */ = {
			isa = XCRemoteSwiftPackageReference;
			repositoryURL = "https://github.com/NatashaTheRobot/HighlightSwift.git";
			requirement = {
				branch = main;
				kind = branch;
			};
		};
/* End XCRemoteSwiftPackageReference section */

/* Begin XCSwiftPackageProductDependency section */
		FAF902B22C770F2B0068297D /* AI */ = {
			isa = XCSwiftPackageProductDependency;
			package = FAF902B12C770F2B0068297D /* XCRemoteSwiftPackageReference "AI" */;
			productName = AI;
		};
		FAF902B42C770F2B0068297D /* Anthropic */ = {
			isa = XCSwiftPackageProductDependency;
			package = FAF902B12C770F2B0068297D /* XCRemoteSwiftPackageReference "AI" */;
			productName = Anthropic;
		};
		FAF902B92C771D270068297D /* HighlightSwift */ = {
			isa = XCSwiftPackageProductDependency;
			package = FAF902B82C771D270068297D /* XCRemoteSwiftPackageReference "HighlightSwift" */;
			productName = HighlightSwift;
		};
/* End XCSwiftPackageProductDependency section */
	};
	rootObject = FAF902972C770F030068297D /* Project object */;
}
